
Microsoft Visual Studio Solution File, Format Version 12.00
# Visual Studio Version 16
VisualStudioVersion = 16.0.29613.14
MinimumVisualStudioVersion = 10.0.40219.1
Project("{8BC9CEB8-8B4A-11D0-8D11-00A0C91BC942}") = "QuantLabHomeWork", "QuantLabHomeWork\QuantLabHomeWork.vcxproj", "{9038D0CE-4D73-47E4-A532-ABACAA15A254}"
EndProject
Global
	GlobalSection(SolutionConfigurationPlatforms) = preSolution
		Debug|x64 = Debug|x64
		Debug|x86 = Debug|x86
		Release|x64 = Release|x64
		Release|x86 = Release|x86
	EndGlobalSection
	GlobalSection(ProjectConfigurationPlatforms) = postSolution
		{9038D0CE-4D73-47E4-A532-ABACAA15A254}.Debug|x64.ActiveCfg = Debug|x64
		{9038D0CE-4D73-47E4-A532-ABACAA15A254}.Debug|x64.Build.0 = Debug|x64
		{9038D0CE-4D73-47E4-A532-ABACAA15A254}.Debug|x86.ActiveCfg = Debug|Win32
		{9038D0CE-4D73-47E4-A532-ABACAA15A254}.Debug|x86.Build.0 = Debug|Win32
		{9038D0CE-4D73-47E4-A532-ABACAA15A254}.Release|x64.ActiveCfg = Release|x64
		{9038D0CE-4D73-47E4-A532-ABACAA15A254}.Release|x64.Build.0 = Release|x64
		{9038D0CE-4D73-47E4-A532-ABACAA15A254}.Release|x86.ActiveCfg = Release|Win32
		{9038D0CE-4D73-47E4-A532-ABACAA15A254}.Release|x86.Build.0 = Release|Win32
	EndGlobalSection
	GlobalSection(SolutionProperties) = preSolution
		HideSolutionNode = FALSE
	EndGlobalSection
	GlobalSection(ExtensibilityGlobals) = postSolution
		SolutionGuid = {8E074EC9-DE71-4696-879F-DA069F641FA2}
	EndGlobalSection
EndGlobal
